
Microsoft Visual Studio Solution File, Format Version 12.00
# Visual Studio Version 16
VisualStudioVersion = 16.0.31005.135
MinimumVisualStudioVersion = 10.0.40219.1
Project("{FAE04EC0-301F-11D3-BF4B-00C04F79EFBC}") = "DotNetAssignment1_31927", "DotNetAssignment1_31927.csproj", "{1613C0EE-3E03-4A14-BD3A-BE07229819A6}"
EndProject
Global
	GlobalSection(SolutionConfigurationPlatforms) = preSolution
		Debug|Any CPU = Debug|Any CPU
		Release|Any CPU = Release|Any CPU
	EndGlobalSection
	GlobalSection(ProjectConfigurationPlatforms) = postSolution
		{1613C0EE-3E03-4A14-BD3A-BE07229819A6}.Debug|Any CPU.ActiveCfg = Debug|Any CPU
		{1613C0EE-3E03-4A14-BD3A-BE07229819A6}.Debug|Any CPU.Build.0 = Debug|Any CPU
		{1613C0EE-3E03-4A14-BD3A-BE07229819A6}.Release|Any CPU.ActiveCfg = Release|Any CPU
		{1613C0EE-3E03-4A14-BD3A-BE07229819A6}.Release|Any CPU.Build.0 = Release|Any CPU
	EndGlobalSection
	GlobalSection(SolutionProperties) = preSolution
		HideSolutionNode = FALSE
	EndGlobalSection
	GlobalSection(ExtensibilityGlobals) = postSolution
		SolutionGuid = {502FF344-7233-4529-B383-4DC1AE29EA60}
	EndGlobalSection
EndGlobal
